{
  "name": "eagle-arw-converter",
  "version": "1.0.0",
  "lockfileVersion": 3,
  "requires": true,
  "packages": {
    "": {
      "name": "eagle-arw-converter",
      "version": "1.0.0",
      "license": "ISC",
      "dependencies": {
        "libraw-wasm": "^1.5.0"
      }
    },
    "node_modules/libraw-wasm": {
      "version": "1.5.0",
      "resolved": "https://registry.npmjs.org/libraw-wasm/-/libraw-wasm-1.5.0.tgz",
      "integrity": "sha512-dYNuOnuGQVq6ldkOLoHz5BrY63aewpEuLaAfJdv7pxrfdHrtRxzuWywAmtwRDU3UB66Gl4Hk33N1qG/HjV1oXA==",
      "license": "ISC"
    }
  }
}
